%{
  "benchee": {:hex, :benchee, "0.12.1", "1286a79bab2f1899220134daf9a695586af00ea71968e6cd89d3d3afdf7cecba", [:mix], [{:deep_merge, "~> 0.1", [hex: :deep_merge, repo: "hexpm", optional: false]}], "hexpm", "2a1577860a01e4c81e72e4a89c5e378162098ba200109267d31c769a8ec82705"},
  "deep_merge": {:hex, :deep_merge, "0.2.0", "c1050fa2edf4848b9f556fba1b75afc66608a4219659e3311d9c9427b5b680b3", [:mix], [], "hexpm", "e3bf435a54ed27b0ba3a01eb117ae017988804e136edcbe8a6a14c310daa966e"},
  "eflatbuffers": {:hex, :eflatbuffers, "0.1.0", "8bd969160ee49af4aa06ee0501b20816c98ab5cf88413fa78154a5a209235180", [:mix], [], "hexpm", "31e6ecbbd56b68d03b8367d0642cb4a0c2d235b3248ae007c466244becef662e"},
  "exprotobuf": {:hex, :exprotobuf, "1.2.17", "3003937da617f588a8fb63ebdd7b127a18d78d6502623c272076fd54c07c4de1", [:mix], [{:gpb, "~> 4.0", [hex: :gpb, repo: "hexpm", optional: false]}], "hexpm", "e07ec1e5ae6f8c1c8521450d5f6b658c8c700b1f34c70356e91ece0766f4361a"},
  "gpb": {:hex, :gpb, "4.14.1", "f7d66bba0981e8cba9a3512775a9e0b957e4afcc9090ce9cdf1f8d6cbd6919b3", [:make, :rebar], [], "hexpm", "562ba3b4db4dfcf3e28240f25f9b92a8ff972823551eb0067cb7269bf5e6ea48"},
  "jason": {:hex, :jason, "1.2.2", "ba43e3f2709fd1aa1dce90aaabfd039d000469c05c56f0b8e31978e03fa39052", [:mix], [{:decimal, "~> 1.0 or ~> 2.0", [hex: :decimal, repo: "hexpm", optional: true]}], "hexpm", "18a228f5f0058ee183f29f9eae0805c6e59d61c3b006760668d8d18ff0d12179"},
  "jiffy": {:hex, :jiffy, "0.15.2", "de266c390111fd4ea28b9302f0bc3d7472468f3b8e0aceabfbefa26d08cd73b7", [:rebar3], [], "hexpm", "ce7a90aa464043e655999563f938329b206972cb0a1a36d015824dbe7d9ff5d0"},
  "msgpax": {:hex, :msgpax, "2.2.4", "7b3790ef684089076b63c0f08c2f4b079c6311daeb006b69e4ed2bf67518291e", [:mix], [{:plug, "~> 1.0", [hex: :plug, repo: "hexpm", optional: true]}], "hexpm", "b351b6d992d79624a8430a99d21a41b36b1b90edf84326a294e9f4a2de11f089"},
  "poison": {:hex, :poison, "3.1.0", "d9eb636610e096f86f25d9a46f35a9facac35609a7591b3be3326e99a0484665", [:mix], [], "hexpm", "fec8660eb7733ee4117b85f55799fd3833eb769a6df71ccf8903e8dc5447cfce"},
  "protox": {:hex, :protox, "1.1.1", "0134aa8dd5c29dd2a27dde518aff8e92f4c8730b3c272ec6b16df9113bbd3ef7", [:mix], [], "hexpm", "e583a0a66f9d7fa1afb09a2d976d09d61f9c25ed1f3fb3f2faff7dd4d70fa7c9"},
}
